<?xml version="1.0" encoding="utf-8"?>
<Project ToolsVersion="4.0" xmlns="http://schemas.microsoft.com/developer/msbuild/2003">
  <ItemGroup>
    <Filter Include="Application">
      <UniqueIdentifier>{32dc12d0-a39c-48e3-b559-f8f943809977}</UniqueIdentifier>
    </Filter>
    <Filter Include="UV">
      <UniqueIdentifier>{4c98a5d7-e4c6-465a-875b-5bdd5a74f56b}</UniqueIdentifier>
    </Filter>
    <Filter Include="IOS">
      <UniqueIdentifier>{3cfef441-1e16-42e3-98bc-9cacfec75b8f}</UniqueIdentifier>
    </Filter>
  </ItemGroup>
  <ItemGroup>
    <ClCompile Include="..\..\test\application\application.cc">
      <Filter>Application</Filter>
    </ClCompile>
    <ClCompile Include="..\..\test\application\task.cc">
      <Filter>Application</Filter>
    </ClCompile>
    <ClCompile Include="..\..\test\ios\buffer.cc">
      <Filter>IOS</Filter>
    </ClCompile>
    <ClCompile Include="..\..\test\ios\stream-buffer.cc">
      <Filter>IOS</Filter>
    </ClCompile>
    <ClCompile Include="..\..\test\uv\addr.cc">
      <Filter>UV</Filter>
    </ClCompile>
    <ClCompile Include="..\..\test\uv\loop.cc">
      <Filter>UV</Filter>
    </ClCompile>
  </ItemGroup>
  <ItemGroup>
    <None Include="packages.config" />
  </ItemGroup>
</Project>